// !$*UTF8*$!
{
	archiveVersion = 1;
	classes = {
	};
	objectVersion = 50;
	objects = {

/* Begin PBXBuildFile section */
		9E6423FA2596EBE700C4A751 /* FoodCourtApp.swift in Sources */ = {isa = PBXBuildFile; fileRef = 9E6423E72596EBE500C4A751 /* FoodCourtApp.swift */; };
		9E6423FB2596EBE700C4A751 /* FoodCourtApp.swift in Sources */ = {isa = PBXBuildFile; fileRef = 9E6423E72596EBE500C4A751 /* FoodCourtApp.swift */; };
		9E6423FE2596EBE700C4A751 /* Assets.xcassets in Resources */ = {isa = PBXBuildFile; fileRef = 9E6423E92596EBE700C4A751 /* Assets.xcassets */; };
		9E6423FF2596EBE700C4A751 /* Assets.xcassets in Resources */ = {isa = PBXBuildFile; fileRef = 9E6423E92596EBE700C4A751 /* Assets.xcassets */; };
		9E6424112596EE2400C4A751 /* FoodCourtIndex.swift in Sources */ = {isa = PBXBuildFile; fileRef = 9E6424102596EE2400C4A751 /* FoodCourtIndex.swift */; };
		9E6424162596EEA700C4A751 /* Spinner.swift in Sources */ = {isa = PBXBuildFile; fileRef = 9E6424152596EEA700C4A751 /* Spinner.swift */; };
		9E64241A2596EECF00C4A751 /* FoodCard.swift in Sources */ = {isa = PBXBuildFile; fileRef = 9E6424192596EECF00C4A751 /* FoodCard.swift */; };
		9E64241E2596EEE200C4A751 /* ImageFromNetwork.swift in Sources */ = {isa = PBXBuildFile; fileRef = 9E64241D2596EEE200C4A751 /* ImageFromNetwork.swift */; };
		9E6424222596EEFE00C4A751 /* DetailModal.swift in Sources */ = {isa = PBXBuildFile; fileRef = 9E6424212596EEFE00C4A751 /* DetailModal.swift */; };
		9E64242C2596EF5100C4A751 /* InternetResponse.swift in Sources */ = {isa = PBXBuildFile; fileRef = 9E6424292596EF5100C4A751 /* InternetResponse.swift */; };
		9E64242D2596EF5100C4A751 /* InternetError.swift in Sources */ = {isa = PBXBuildFile; fileRef = 9E64242A2596EF5100C4A751 /* InternetError.swift */; };
		9E64242E2596EF5100C4A751 /* InternetExplorer.swift in Sources */ = {isa = PBXBuildFile; fileRef = 9E64242B2596EF5100C4A751 /* InternetExplorer.swift */; };
		9E6424342596F2E600C4A751 /* HomePage.swift in Sources */ = {isa = PBXBuildFile; fileRef = 9E6424332596F2E600C4A751 /* HomePage.swift */; };
		9E6424382596F2F800C4A751 /* Orders.swift in Sources */ = {isa = PBXBuildFile; fileRef = 9E6424372596F2F800C4A751 /* Orders.swift */; };
		9E64243C2596F30400C4A751 /* Account.swift in Sources */ = {isa = PBXBuildFile; fileRef = 9E64243B2596F30400C4A751 /* Account.swift */; };
		9E6424402596FD2300C4A751 /* XDismiss.swift in Sources */ = {isa = PBXBuildFile; fileRef = 9E64243F2596FD2300C4A751 /* XDismiss.swift */; };
		9E642446259700D100C4A751 /* FoodRequest.swift in Sources */ = {isa = PBXBuildFile; fileRef = 9E642445259700D100C4A751 /* FoodRequest.swift */; };
		9E64244C2597010700C4A751 /* Food.swift in Sources */ = {isa = PBXBuildFile; fileRef = 9E64244B2597010700C4A751 /* Food.swift */; };
		9E6424512597012500C4A751 /* HomeViewModel.swift in Sources */ = {isa = PBXBuildFile; fileRef = 9E6424502597012500C4A751 /* HomeViewModel.swift */; };
		9E64245725970BBF00C4A751 /* SpinnerView.swift in Sources */ = {isa = PBXBuildFile; fileRef = 9E64245625970BBF00C4A751 /* SpinnerView.swift */; };
		9E7FC82B2598BBBC00E4B352 /* CheckoutPage.swift in Sources */ = {isa = PBXBuildFile; fileRef = 9E7FC82A2598BBBC00E4B352 /* CheckoutPage.swift */; };
		9EA35E9F2597B34F00DFE01C /* Cart.swift in Sources */ = {isa = PBXBuildFile; fileRef = 9EA35E9E2597B34F00DFE01C /* Cart.swift */; };
		9EA35EA32597B3CD00DFE01C /* OrderItem.swift in Sources */ = {isa = PBXBuildFile; fileRef = 9EA35EA22597B3CD00DFE01C /* OrderItem.swift */; };
/* End PBXBuildFile section */

/* Begin PBXFileReference section */
		9E6423E72596EBE500C4A751 /* FoodCourtApp.swift */ = {isa = PBXFileReference; lastKnownFileType = sourcecode.swift; path = FoodCourtApp.swift; sourceTree = "<group>"; };
		9E6423E92596EBE700C4A751 /* Assets.xcassets */ = {isa = PBXFileReference; lastKnownFileType = folder.assetcatalog; path = Assets.xcassets; sourceTree = "<group>"; };
		9E6423EE2596EBE700C4A751 /* FoodCourt.app */ = {isa = PBXFileReference; explicitFileType = wrapper.application; includeInIndex = 0; path = FoodCourt.app; sourceTree = BUILT_PRODUCTS_DIR; };
		9E6423F12596EBE700C4A751 /* Info.plist */ = {isa = PBXFileReference; lastKnownFileType = text.plist.xml; path = Info.plist; sourceTree = "<group>"; };
		9E6423F62596EBE700C4A751 /* FoodCourt.app */ = {isa = PBXFileReference; explicitFileType = wrapper.application; includeInIndex = 0; path = FoodCourt.app; sourceTree = BUILT_PRODUCTS_DIR; };
		9E6423F82596EBE700C4A751 /* Info.plist */ = {isa = PBXFileReference; lastKnownFileType = text.plist.xml; path = Info.plist; sourceTree = "<group>"; };
		9E6423F92596EBE700C4A751 /* macOS.entitlements */ = {isa = PBXFileReference; lastKnownFileType = text.plist.entitlements; path = macOS.entitlements; sourceTree = "<group>"; };
		9E6424102596EE2400C4A751 /* FoodCourtIndex.swift */ = {isa = PBXFileReference; lastKnownFileType = sourcecode.swift; path = FoodCourtIndex.swift; sourceTree = "<group>"; };
		9E6424152596EEA700C4A751 /* Spinner.swift */ = {isa = PBXFileReference; fileEncoding = 4; lastKnownFileType = sourcecode.swift; path = Spinner.swift; sourceTree = "<group>"; };
		9E6424192596EECF00C4A751 /* FoodCard.swift */ = {isa = PBXFileReference; fileEncoding = 4; lastKnownFileType = sourcecode.swift; path = FoodCard.swift; sourceTree = "<group>"; };
		9E64241D2596EEE200C4A751 /* ImageFromNetwork.swift */ = {isa = PBXFileReference; fileEncoding = 4; lastKnownFileType = sourcecode.swift; path = ImageFromNetwork.swift; sourceTree = "<group>"; };
		9E6424212596EEFE00C4A751 /* DetailModal.swift */ = {isa = PBXFileReference; fileEncoding = 4; lastKnownFileType = sourcecode.swift; path = DetailModal.swift; sourceTree = "<group>"; };
		9E6424292596EF5100C4A751 /* InternetResponse.swift */ = {isa = PBXFileReference; fileEncoding = 4; lastKnownFileType = sourcecode.swift; path = InternetResponse.swift; sourceTree = "<group>"; };
		9E64242A2596EF5100C4A751 /* InternetError.swift */ = {isa = PBXFileReference; fileEncoding = 4; lastKnownFileType = sourcecode.swift; path = InternetError.swift; sourceTree = "<group>"; };
		9E64242B2596EF5100C4A751 /* InternetExplorer.swift */ = {isa = PBXFileReference; fileEncoding = 4; lastKnownFileType = sourcecode.swift; path = InternetExplorer.swift; sourceTree = "<group>"; };
		9E6424332596F2E600C4A751 /* HomePage.swift */ = {isa = PBXFileReference; lastKnownFileType = sourcecode.swift; path = HomePage.swift; sourceTree = "<group>"; };
		9E6424372596F2F800C4A751 /* Orders.swift */ = {isa = PBXFileReference; lastKnownFileType = sourcecode.swift; path = Orders.swift; sourceTree = "<group>"; };
		9E64243B2596F30400C4A751 /* Account.swift */ = {isa = PBXFileReference; lastKnownFileType = sourcecode.swift; path = Account.swift; sourceTree = "<group>"; };
		9E64243F2596FD2300C4A751 /* XDismiss.swift */ = {isa = PBXFileReference; lastKnownFileType = sourcecode.swift; path = XDismiss.swift; sourceTree = "<group>"; };
		9E642445259700D100C4A751 /* FoodRequest.swift */ = {isa = PBXFileReference; lastKnownFileType = sourcecode.swift; path = FoodRequest.swift; sourceTree = "<group>"; };
		9E64244B2597010700C4A751 /* Food.swift */ = {isa = PBXFileReference; lastKnownFileType = sourcecode.swift; path = Food.swift; sourceTree = "<group>"; };
		9E6424502597012500C4A751 /* HomeViewModel.swift */ = {isa = PBXFileReference; lastKnownFileType = sourcecode.swift; path = HomeViewModel.swift; sourceTree = "<group>"; };
		9E64245625970BBF00C4A751 /* SpinnerView.swift */ = {isa = PBXFileReference; lastKnownFileType = sourcecode.swift; path = SpinnerView.swift; sourceTree = "<group>"; };
		9E7FC82A2598BBBC00E4B352 /* CheckoutPage.swift */ = {isa = PBXFileReference; lastKnownFileType = sourcecode.swift; path = CheckoutPage.swift; sourceTree = "<group>"; };
		9EA35E9E2597B34F00DFE01C /* Cart.swift */ = {isa = PBXFileReference; lastKnownFileType = sourcecode.swift; path = Cart.swift; sourceTree = "<group>"; };
		9EA35EA22597B3CD00DFE01C /* OrderItem.swift */ = {isa = PBXFileReference; lastKnownFileType = sourcecode.swift; path = OrderItem.swift; sourceTree = "<group>"; };
/* End PBXFileReference section */

/* Begin PBXFrameworksBuildPhase section */
		9E6423EB2596EBE700C4A751 /* Frameworks */ = {
			isa = PBXFrameworksBuildPhase;
			buildActionMask = 2147483647;
			files = (
			);
			runOnlyForDeploymentPostprocessing = 0;
		};
		9E6423F32596EBE700C4A751 /* Frameworks */ = {
			isa = PBXFrameworksBuildPhase;
			buildActionMask = 2147483647;
			files = (
			);
			runOnlyForDeploymentPostprocessing = 0;
		};
/* End PBXFrameworksBuildPhase section */

/* Begin PBXGroup section */
		9E6423E12596EBE500C4A751 = {
			isa = PBXGroup;
			children = (
				9E64244F2597010D00C4A751 /* View Models */,
				9E6424432597005700C4A751 /* Models */,
				9E6424282596EF3800C4A751 /* Network Manager */,
				9E6424142596EE9200C4A751 /* Components */,
				9E6423E62596EBE500C4A751 /* Shared */,
				9E6423F02596EBE700C4A751 /* iOS */,
				9E6423F72596EBE700C4A751 /* macOS */,
				9E6423EF2596EBE700C4A751 /* Products */,
			);
			sourceTree = "<group>";
		};
		9E6423E62596EBE500C4A751 /* Shared */ = {
			isa = PBXGroup;
			children = (
				9E6423E72596EBE500C4A751 /* FoodCourtApp.swift */,
				9E6424102596EE2400C4A751 /* FoodCourtIndex.swift */,
				9E6423E92596EBE700C4A751 /* Assets.xcassets */,
			);
			path = Shared;
			sourceTree = "<group>";
		};
		9E6423EF2596EBE700C4A751 /* Products */ = {
			isa = PBXGroup;
			children = (
				9E6423EE2596EBE700C4A751 /* FoodCourt.app */,
				9E6423F62596EBE700C4A751 /* FoodCourt.app */,
			);
			name = Products;
			sourceTree = "<group>";
		};
		9E6423F02596EBE700C4A751 /* iOS */ = {
			isa = PBXGroup;
			children = (
				9E6423F12596EBE700C4A751 /* Info.plist */,
			);
			path = iOS;
			sourceTree = "<group>";
		};
		9E6423F72596EBE700C4A751 /* macOS */ = {
			isa = PBXGroup;
			children = (
				9E6423F82596EBE700C4A751 /* Info.plist */,
				9E6423F92596EBE700C4A751 /* macOS.entitlements */,
			);
			path = macOS;
			sourceTree = "<group>";
		};
		9E6424142596EE9200C4A751 /* Components */ = {
			isa = PBXGroup;
			children = (
				9E6424252596EF0200C4A751 /* Pages */,
				9E6424212596EEFE00C4A751 /* DetailModal.swift */,
				9E64241D2596EEE200C4A751 /* ImageFromNetwork.swift */,
				9E6424152596EEA700C4A751 /* Spinner.swift */,
				9E6424192596EECF00C4A751 /* FoodCard.swift */,
				9E64243F2596FD2300C4A751 /* XDismiss.swift */,
				9E64245625970BBF00C4A751 /* SpinnerView.swift */,
			);
			path = Components;
			sourceTree = "<group>";
		};
		9E6424252596EF0200C4A751 /* Pages */ = {
			isa = PBXGroup;
			children = (
				9E6424332596F2E600C4A751 /* HomePage.swift */,
				9E6424372596F2F800C4A751 /* Orders.swift */,
				9E64243B2596F30400C4A751 /* Account.swift */,
				9E7FC82A2598BBBC00E4B352 /* CheckoutPage.swift */,
			);
			path = Pages;
			sourceTree = "<group>";
		};
		9E6424282596EF3800C4A751 /* Network Manager */ = {
			isa = PBXGroup;
			children = (
				9E64242A2596EF5100C4A751 /* InternetError.swift */,
				9E64242B2596EF5100C4A751 /* InternetExplorer.swift */,
				9E6424292596EF5100C4A751 /* InternetResponse.swift */,
			);
			path = "Network Manager";
			sourceTree = "<group>";
		};
		9E6424432597005700C4A751 /* Models */ = {
			isa = PBXGroup;
			children = (
				9E642445259700D100C4A751 /* FoodRequest.swift */,
				9E64244B2597010700C4A751 /* Food.swift */,
				9EA35E9E2597B34F00DFE01C /* Cart.swift */,
				9EA35EA22597B3CD00DFE01C /* OrderItem.swift */,
			);
			path = Models;
			sourceTree = "<group>";
		};
		9E64244F2597010D00C4A751 /* View Models */ = {
			isa = PBXGroup;
			children = (
				9E6424502597012500C4A751 /* HomeViewModel.swift */,
			);
			path = "View Models";
			sourceTree = "<group>";
		};
/* End PBXGroup section */

/* Begin PBXNativeTarget section */
		9E6423ED2596EBE700C4A751 /* FoodCourt (iOS) */ = {
			isa = PBXNativeTarget;
			buildConfigurationList = 9E6424022596EBE700C4A751 /* Build configuration list for PBXNativeTarget "FoodCourt (iOS)" */;
			buildPhases = (
				9E6423EA2596EBE700C4A751 /* Sources */,
				9E6423EB2596EBE700C4A751 /* Frameworks */,
				9E6423EC2596EBE700C4A751 /* Resources */,
			);
			buildRules = (
			);
			dependencies = (
			);
			name = "FoodCourt (iOS)";
			productName = "FoodCourt (iOS)";
			productReference = 9E6423EE2596EBE700C4A751 /* FoodCourt.app */;
			productType = "com.apple.product-type.application";
		};
		9E6423F52596EBE700C4A751 /* FoodCourt (macOS) */ = {
			isa = PBXNativeTarget;
			buildConfigurationList = 9E6424052596EBE700C4A751 /* Build configuration list for PBXNativeTarget "FoodCourt (macOS)" */;
			buildPhases = (
				9E6423F22596EBE700C4A751 /* Sources */,
				9E6423F32596EBE700C4A751 /* Frameworks */,
				9E6423F42596EBE700C4A751 /* Resources */,
			);
			buildRules = (
			);
			dependencies = (
			);
			name = "FoodCourt (macOS)";
			productName = "FoodCourt (macOS)";
			productReference = 9E6423F62596EBE700C4A751 /* FoodCourt.app */;
			productType = "com.apple.product-type.application";
		};
/* End PBXNativeTarget section */

/* Begin PBXProject section */
		9E6423E22596EBE500C4A751 /* Project object */ = {
			isa = PBXProject;
			attributes = {
				LastSwiftUpdateCheck = 1220;
				LastUpgradeCheck = 1220;
				TargetAttributes = {
					9E6423ED2596EBE700C4A751 = {
						CreatedOnToolsVersion = 12.2;
					};
					9E6423F52596EBE700C4A751 = {
						CreatedOnToolsVersion = 12.2;
					};
				};
			};
			buildConfigurationList = 9E6423E52596EBE500C4A751 /* Build configuration list for PBXProject "FoodCourt" */;
			compatibilityVersion = "Xcode 9.3";
			developmentRegion = en;
			hasScannedForEncodings = 0;
			knownRegions = (
				en,
				Base,
			);
			mainGroup = 9E6423E12596EBE500C4A751;
			productRefGroup = 9E6423EF2596EBE700C4A751 /* Products */;
			projectDirPath = "";
			projectRoot = "";
			targets = (
				9E6423ED2596EBE700C4A751 /* FoodCourt (iOS) */,
				9E6423F52596EBE700C4A751 /* FoodCourt (macOS) */,
			);
		};
/* End PBXProject section */

/* Begin PBXResourcesBuildPhase section */
		9E6423EC2596EBE700C4A751 /* Resources */ = {
			isa = PBXResourcesBuildPhase;
			buildActionMask = 2147483647;
			files = (
				9E6423FE2596EBE700C4A751 /* Assets.xcassets in Resources */,
			);
			runOnlyForDeploymentPostprocessing = 0;
		};
		9E6423F42596EBE700C4A751 /* Resources */ = {
			isa = PBXResourcesBuildPhase;
			buildActionMask = 2147483647;
			files = (
				9E6423FF2596EBE700C4A751 /* Assets.xcassets in Resources */,
			);
			runOnlyForDeploymentPostprocessing = 0;
		};
/* End PBXResourcesBuildPhase section */

/* Begin PBXSourcesBuildPhase section */
		9E6423EA2596EBE700C4A751 /* Sources */ = {
			isa = PBXSourcesBuildPhase;
			buildActionMask = 2147483647;
			files = (
				9E6424222596EEFE00C4A751 /* DetailModal.swift in Sources */,
				9EA35E9F2597B34F00DFE01C /* Cart.swift in Sources */,
				9E64242D2596EF5100C4A751 /* InternetError.swift in Sources */,
				9E64244C2597010700C4A751 /* Food.swift in Sources */,
				9E6424512597012500C4A751 /* HomeViewModel.swift in Sources */,
				9E6424382596F2F800C4A751 /* Orders.swift in Sources */,
				9E6424402596FD2300C4A751 /* XDismiss.swift in Sources */,
				9E64242C2596EF5100C4A751 /* InternetResponse.swift in Sources */,
				9E642446259700D100C4A751 /* FoodRequest.swift in Sources */,
				9E64245725970BBF00C4A751 /* SpinnerView.swift in Sources */,
				9E6424112596EE2400C4A751 /* FoodCourtIndex.swift in Sources */,
				9E64243C2596F30400C4A751 /* Account.swift in Sources */,
				9E6424162596EEA700C4A751 /* Spinner.swift in Sources */,
				9E6424342596F2E600C4A751 /* HomePage.swift in Sources */,
				9E6423FA2596EBE700C4A751 /* FoodCourtApp.swift in Sources */,
				9EA35EA32597B3CD00DFE01C /* OrderItem.swift in Sources */,
				9E7FC82B2598BBBC00E4B352 /* CheckoutPage.swift in Sources */,
				9E64242E2596EF5100C4A751 /* InternetExplorer.swift in Sources */,
				9E64241A2596EECF00C4A751 /* FoodCard.swift in Sources */,
				9E64241E2596EEE200C4A751 /* ImageFromNetwork.swift in Sources */,
			);
			runOnlyForDeploymentPostprocessing = 0;
		};
		9E6423F22596EBE700C4A751 /* Sources */ = {
			isa = PBXSourcesBuildPhase;
			buildActionMask = 2147483647;
			files = (
				9E6423FB2596EBE700C4A751 /* FoodCourtApp.swift in Sources */,
			);
			runOnlyForDeploymentPostprocessing = 0;
		};
/* End PBXSourcesBuildPhase section */

/* Begin XCBuildConfiguration section */
		9E6424002596EBE700C4A751 /* Debug */ = {
			isa = XCBuildConfiguration;
			buildSettings = {
				ALWAYS_SEARCH_USER_PATHS = NO;
				CLANG_ANALYZER_NONNULL = YES;
				CLANG_ANALYZER_NUMBER_OBJECT_CONVERSION = YES_AGGRESSIVE;
				CLANG_CXX_LANGUAGE_STANDARD = "gnu++14";
				CLANG_CXX_LIBRARY = "libc++";
				CLANG_ENABLE_MODULES = YES;
				CLANG_ENABLE_OBJC_ARC = YES;
				CLANG_ENABLE_OBJC_WEAK = YES;
				CLANG_WARN_BLOCK_CAPTURE_AUTORELEASING = YES;
				CLANG_WARN_BOOL_CONVERSION = YES;
				CLANG_WARN_COMMA = YES;
				CLANG_WARN_CONSTANT_CONVERSION = YES;
				CLANG_WARN_DEPRECATED_OBJC_IMPLEMENTATIONS = YES;
				CLANG_WARN_DIRECT_OBJC_ISA_USAGE = YES_ERROR;
				CLANG_WARN_DOCUMENTATION_COMMENTS = YES;
				CLANG_WARN_EMPTY_BODY = YES;
				CLANG_WARN_ENUM_CONVERSION = YES;
				CLANG_WARN_INFINITE_RECURSION = YES;
				CLANG_WARN_INT_CONVERSION = YES;
				CLANG_WARN_NON_LITERAL_NULL_CONVERSION = YES;
				CLANG_WARN_OBJC_IMPLICIT_RETAIN_SELF = YES;
				CLANG_WARN_OBJC_LITERAL_CONVERSION = YES;
				CLANG_WARN_OBJC_ROOT_CLASS = YES_ERROR;
				CLANG_WARN_QUOTED_INCLUDE_IN_FRAMEWORK_HEADER = YES;
				CLANG_WARN_RANGE_LOOP_ANALYSIS = YES;
				CLANG_WARN_STRICT_PROTOTYPES = YES;
				CLANG_WARN_SUSPICIOUS_MOVE = YES;
				CLANG_WARN_UNGUARDED_AVAILABILITY = YES_AGGRESSIVE;
				CLANG_WARN_UNREACHABLE_CODE = YES;
				CLANG_WARN__DUPLICATE_METHOD_MATCH = YES;
				COPY_PHASE_STRIP = NO;
				DEBUG_INFORMATION_FORMAT = dwarf;
				ENABLE_STRICT_OBJC_MSGSEND = YES;
				ENABLE_TESTABILITY = YES;
				GCC_C_LANGUAGE_STANDARD = gnu11;
				GCC_DYNAMIC_NO_PIC = NO;
				GCC_NO_COMMON_BLOCKS = YES;
				GCC_OPTIMIZATION_LEVEL = 0;
				GCC_PREPROCESSOR_DEFINITIONS = (
					"DEBUG=1",
					"$(inherited)",
				);
				GCC_WARN_64_TO_32_BIT_CONVERSION = YES;
				GCC_WARN_ABOUT_RETURN_TYPE = YES_ERROR;
				GCC_WARN_UNDECLARED_SELECTOR = YES;
				GCC_WARN_UNINITIALIZED_AUTOS = YES_AGGRESSIVE;
				GCC_WARN_UNUSED_FUNCTION = YES;
				GCC_WARN_UNUSED_VARIABLE = YES;
				MTL_ENABLE_DEBUG_INFO = INCLUDE_SOURCE;
				MTL_FAST_MATH = YES;
				ONLY_ACTIVE_ARCH = YES;
				SWIFT_ACTIVE_COMPILATION_CONDITIONS = DEBUG;
				SWIFT_OPTIMIZATION_LEVEL = "-Onone";
			};
			name = Debug;
		};
		9E6424012596EBE700C4A751 /* Release */ = {
			isa = XCBuildConfiguration;
			buildSettings = {
				ALWAYS_SEARCH_USER_PATHS = NO;
				CLANG_ANALYZER_NONNULL = YES;
				CLANG_ANALYZER_NUMBER_OBJECT_CONVERSION = YES_AGGRESSIVE;
				CLANG_CXX_LANGUAGE_STANDARD = "gnu++14";
				CLANG_CXX_LIBRARY = "libc++";
				CLANG_ENABLE_MODULES = YES;
				CLANG_ENABLE_OBJC_ARC = YES;
				CLANG_ENABLE_OBJC_WEAK = YES;
				CLANG_WARN_BLOCK_CAPTURE_AUTORELEASING = YES;
				CLANG_WARN_BOOL_CONVERSION = YES;
				CLANG_WARN_COMMA = YES;
				CLANG_WARN_CONSTANT_CONVERSION = YES;
				CLANG_WARN_DEPRECATED_OBJC_IMPLEMENTATIONS = YES;
				CLANG_WARN_DIRECT_OBJC_ISA_USAGE = YES_ERROR;
				CLANG_WARN_DOCUMENTATION_COMMENTS = YES;
				CLANG_WARN_EMPTY_BODY = YES;
				CLANG_WARN_ENUM_CONVERSION = YES;
				CLANG_WARN_INFINITE_RECURSION = YES;
				CLANG_WARN_INT_CONVERSION = YES;
				CLANG_WARN_NON_LITERAL_NULL_CONVERSION = YES;
				CLANG_WARN_OBJC_IMPLICIT_RETAIN_SELF = YES;
				CLANG_WARN_OBJC_LITERAL_CONVERSION = YES;
				CLANG_WARN_OBJC_ROOT_CLASS = YES_ERROR;
				CLANG_WARN_QUOTED_INCLUDE_IN_FRAMEWORK_HEADER = YES;
				CLANG_WARN_RANGE_LOOP_ANALYSIS = YES;
				CLANG_WARN_STRICT_PROTOTYPES = YES;
				CLANG_WARN_SUSPICIOUS_MOVE = YES;
				CLANG_WARN_UNGUARDED_AVAILABILITY = YES_AGGRESSIVE;
				CLANG_WARN_UNREACHABLE_CODE = YES;
				CLANG_WARN__DUPLICATE_METHOD_MATCH = YES;
				COPY_PHASE_STRIP = NO;
				DEBUG_INFORMATION_FORMAT = "dwarf-with-dsym";
				ENABLE_NS_ASSERTIONS = NO;
				ENABLE_STRICT_OBJC_MSGSEND = YES;
				GCC_C_LANGUAGE_STANDARD = gnu11;
				GCC_NO_COMMON_BLOCKS = YES;
				GCC_WARN_64_TO_32_BIT_CONVERSION = YES;
				GCC_WARN_ABOUT_RETURN_TYPE = YES_ERROR;
				GCC_WARN_UNDECLARED_SELECTOR = YES;
				GCC_WARN_UNINITIALIZED_AUTOS = YES_AGGRESSIVE;
				GCC_WARN_UNUSED_FUNCTION = YES;
				GCC_WARN_UNUSED_VARIABLE = YES;
				MTL_ENABLE_DEBUG_INFO = NO;
				MTL_FAST_MATH = YES;
				SWIFT_COMPILATION_MODE = wholemodule;
				SWIFT_OPTIMIZATION_LEVEL = "-O";
			};
			name = Release;
		};
		9E6424032596EBE700C4A751 /* Debug */ = {
			isa = XCBuildConfiguration;
			buildSettings = {
				ASSETCATALOG_COMPILER_APPICON_NAME = AppIcon;
				ASSETCATALOG_COMPILER_GLOBAL_ACCENT_COLOR_NAME = AccentColor;
				CODE_SIGN_STYLE = Automatic;
				ENABLE_PREVIEWS = YES;
				INFOPLIST_FILE = iOS/Info.plist;
				IPHONEOS_DEPLOYMENT_TARGET = 14.0;
				LD_RUNPATH_SEARCH_PATHS = (
					"$(inherited)",
					"@executable_path/Frameworks",
				);
				PRODUCT_BUNDLE_IDENTIFIER = com.pongo.FoodCourt;
				PRODUCT_NAME = FoodCourt;
				SDKROOT = iphoneos;
				SWIFT_VERSION = 5.0;
				TARGETED_DEVICE_FAMILY = "1,2";
			};
			name = Debug;
		};
		9E6424042596EBE700C4A751 /* Release */ = {
			isa = XCBuildConfiguration;
			buildSettings = {
				ASSETCATALOG_COMPILER_APPICON_NAME = AppIcon;
				ASSETCATALOG_COMPILER_GLOBAL_ACCENT_COLOR_NAME = AccentColor;
				CODE_SIGN_STYLE = Automatic;
				ENABLE_PREVIEWS = YES;
				INFOPLIST_FILE = iOS/Info.plist;
				IPHONEOS_DEPLOYMENT_TARGET = 14.0;
				LD_RUNPATH_SEARCH_PATHS = (
					"$(inherited)",
					"@executable_path/Frameworks",
				);
				PRODUCT_BUNDLE_IDENTIFIER = com.pongo.FoodCourt;
				PRODUCT_NAME = FoodCourt;
				SDKROOT = iphoneos;
				SWIFT_VERSION = 5.0;
				TARGETED_DEVICE_FAMILY = "1,2";
				VALIDATE_PRODUCT = YES;
			};
			name = Release;
		};
		9E6424062596EBE700C4A751 /* Debug */ = {
			isa = XCBuildConfiguration;
			buildSettings = {
				ASSETCATALOG_COMPILER_APPICON_NAME = AppIcon;
				ASSETCATALOG_COMPILER_GLOBAL_ACCENT_COLOR_NAME = AccentColor;
				CODE_SIGN_ENTITLEMENTS = macOS/macOS.entitlements;
				CODE_SIGN_STYLE = Automatic;
				COMBINE_HIDPI_IMAGES = YES;
				ENABLE_PREVIEWS = YES;
				INFOPLIST_FILE = macOS/Info.plist;
				LD_RUNPATH_SEARCH_PATHS = (
					"$(inherited)",
					"@executable_path/../Frameworks",
				);
				MACOSX_DEPLOYMENT_TARGET = 11.0;
				PRODUCT_BUNDLE_IDENTIFIER = com.pongo.FoodCourt;
				PRODUCT_NAME = FoodCourt;
				SDKROOT = macosx;
				SWIFT_VERSION = 5.0;
			};
			name = Debug;
		};
		9E6424072596EBE700C4A751 /* Release */ = {
			isa = XCBuildConfiguration;
			buildSettings = {
				ASSETCATALOG_COMPILER_APPICON_NAME = AppIcon;
				ASSETCATALOG_COMPILER_GLOBAL_ACCENT_COLOR_NAME = AccentColor;
				CODE_SIGN_ENTITLEMENTS = macOS/macOS.entitlements;
				CODE_SIGN_STYLE = Automatic;
				COMBINE_HIDPI_IMAGES = YES;
				ENABLE_PREVIEWS = YES;
				INFOPLIST_FILE = macOS/Info.plist;
				LD_RUNPATH_SEARCH_PATHS = (
					"$(inherited)",
					"@executable_path/../Frameworks",
				);
				MACOSX_DEPLOYMENT_TARGET = 11.0;
				PRODUCT_BUNDLE_IDENTIFIER = com.pongo.FoodCourt;
				PRODUCT_NAME = FoodCourt;
				SDKROOT = macosx;
				SWIFT_VERSION = 5.0;
			};
			name = Release;
		};
/* End XCBuildConfiguration section */

/* Begin XCConfigurationList section */
		9E6423E52596EBE500C4A751 /* Build configuration list for PBXProject "FoodCourt" */ = {
			isa = XCConfigurationList;
			buildConfigurations = (
				9E6424002596EBE700C4A751 /* Debug */,
				9E6424012596EBE700C4A751 /* Release */,
			);
			defaultConfigurationIsVisible = 0;
			defaultConfigurationName = Release;
		};
		9E6424022596EBE700C4A751 /* Build configuration list for PBXNativeTarget "FoodCourt (iOS)" */ = {
			isa = XCConfigurationList;
			buildConfigurations = (
				9E6424032596EBE700C4A751 /* Debug */,
				9E6424042596EBE700C4A751 /* Release */,
			);
			defaultConfigurationIsVisible = 0;
			defaultConfigurationName = Release;
		};
		9E6424052596EBE700C4A751 /* Build configuration list for PBXNativeTarget "FoodCourt (macOS)" */ = {
			isa = XCConfigurationList;
			buildConfigurations = (
				9E6424062596EBE700C4A751 /* Debug */,
				9E6424072596EBE700C4A751 /* Release */,
			);
			defaultConfigurationIsVisible = 0;
			defaultConfigurationName = Release;
		};
/* End XCConfigurationList section */
	};
	rootObject = 9E6423E22596EBE500C4A751 /* Project object */;
}
